
Microsoft Visual Studio Solution File, Format Version 12.00
# Visual Studio Version 17
VisualStudioVersion = 17.4.33205.214
MinimumVisualStudioVersion = 10.0.40219.1
Project("{FAE04EC0-301F-11D3-BF4B-00C04F79EFBC}") = "APIPRromoIt", "APIPRromoIt\APIPRromoIt.csproj", "{4CAA821E-9626-4806-862C-DC87516518FC}"
EndProject
Global
	GlobalSection(SolutionConfigurationPlatforms) = preSolution
		Debug|Any CPU = Debug|Any CPU
		Release|Any CPU = Release|Any CPU
	EndGlobalSection
	GlobalSection(ProjectConfigurationPlatforms) = postSolution
		{4CAA821E-9626-4806-862C-DC87516518FC}.Debug|Any CPU.ActiveCfg = Debug|Any CPU
		{4CAA821E-9626-4806-862C-DC87516518FC}.Debug|Any CPU.Build.0 = Debug|Any CPU
		{4CAA821E-9626-4806-862C-DC87516518FC}.Release|Any CPU.ActiveCfg = Release|Any CPU
		{4CAA821E-9626-4806-862C-DC87516518FC}.Release|Any CPU.Build.0 = Release|Any CPU
	EndGlobalSection
	GlobalSection(SolutionProperties) = preSolution
		HideSolutionNode = FALSE
	EndGlobalSection
	GlobalSection(ExtensibilityGlobals) = postSolution
		SolutionGuid = {6DDF3C25-C249-4D05-8F14-5DC93C085B8F}
	EndGlobalSection
EndGlobal
