
Microsoft Visual Studio Solution File, Format Version 12.00
# Visual Studio Version 17
VisualStudioVersion = 17.4.33205.214
MinimumVisualStudioVersion = 10.0.40219.1
Project("{FAE04EC0-301F-11D3-BF4B-00C04F79EFBC}") = "PromoItWASM", "PromoItWASM\PromoItWASM.csproj", "{ABF0E0C5-C6B5-4752-B1D8-364AA3E46BD5}"
EndProject
Global
	GlobalSection(SolutionConfigurationPlatforms) = preSolution
		Debug|Any CPU = Debug|Any CPU
		Release|Any CPU = Release|Any CPU
	EndGlobalSection
	GlobalSection(ProjectConfigurationPlatforms) = postSolution
		{ABF0E0C5-C6B5-4752-B1D8-364AA3E46BD5}.Debug|Any CPU.ActiveCfg = Debug|Any CPU
		{ABF0E0C5-C6B5-4752-B1D8-364AA3E46BD5}.Debug|Any CPU.Build.0 = Debug|Any CPU
		{ABF0E0C5-C6B5-4752-B1D8-364AA3E46BD5}.Release|Any CPU.ActiveCfg = Release|Any CPU
		{ABF0E0C5-C6B5-4752-B1D8-364AA3E46BD5}.Release|Any CPU.Build.0 = Release|Any CPU
	EndGlobalSection
	GlobalSection(SolutionProperties) = preSolution
		HideSolutionNode = FALSE
	EndGlobalSection
	GlobalSection(ExtensibilityGlobals) = postSolution
		SolutionGuid = {2AEAC5BB-0E29-4BE5-8B41-053F4E2426EB}
	EndGlobalSection
EndGlobal
