
Microsoft Visual Studio Solution File, Format Version 12.00
# Visual Studio Version 17
VisualStudioVersion = 17.4.33205.214
MinimumVisualStudioVersion = 10.0.40219.1
Project("{FAE04EC0-301F-11D3-BF4B-00C04F79EFBC}") = "PromoItFront", "PromoItFront\PromoItFront.csproj", "{601EB6FE-8317-4AC6-8944-54ED23CC8DFF}"
EndProject
Global
	GlobalSection(SolutionConfigurationPlatforms) = preSolution
		Debug|Any CPU = Debug|Any CPU
		Release|Any CPU = Release|Any CPU
	EndGlobalSection
	GlobalSection(ProjectConfigurationPlatforms) = postSolution
		{601EB6FE-8317-4AC6-8944-54ED23CC8DFF}.Debug|Any CPU.ActiveCfg = Debug|Any CPU
		{601EB6FE-8317-4AC6-8944-54ED23CC8DFF}.Debug|Any CPU.Build.0 = Debug|Any CPU
		{601EB6FE-8317-4AC6-8944-54ED23CC8DFF}.Release|Any CPU.ActiveCfg = Release|Any CPU
		{601EB6FE-8317-4AC6-8944-54ED23CC8DFF}.Release|Any CPU.Build.0 = Release|Any CPU
	EndGlobalSection
	GlobalSection(SolutionProperties) = preSolution
		HideSolutionNode = FALSE
	EndGlobalSection
	GlobalSection(ExtensibilityGlobals) = postSolution
		SolutionGuid = {54A89B89-FAFB-40DB-8294-590E10DD597B}
	EndGlobalSection
EndGlobal
